
Microsoft Visual Studio Solution File, Format Version 12.00
# Visual Studio Version 17
VisualStudioVersion = 17.5.33424.131
MinimumVisualStudioVersion = 10.0.40219.1
Project("{FAE04EC0-301F-11D3-BF4B-00C04F79EFBC}") = "WebApiBank", "WebApiBank\WebApiBank.csproj", "{BAA3F3B4-588A-4CEB-A31B-C3ECB295D4C5}"
EndProject
Global
	GlobalSection(SolutionConfigurationPlatforms) = preSolution
		Debug|Any CPU = Debug|Any CPU
		Release|Any CPU = Release|Any CPU
	EndGlobalSection
	GlobalSection(ProjectConfigurationPlatforms) = postSolution
		{BAA3F3B4-588A-4CEB-A31B-C3ECB295D4C5}.Debug|Any CPU.ActiveCfg = Debug|Any CPU
		{BAA3F3B4-588A-4CEB-A31B-C3ECB295D4C5}.Debug|Any CPU.Build.0 = Debug|Any CPU
		{BAA3F3B4-588A-4CEB-A31B-C3ECB295D4C5}.Release|Any CPU.ActiveCfg = Release|Any CPU
		{BAA3F3B4-588A-4CEB-A31B-C3ECB295D4C5}.Release|Any CPU.Build.0 = Release|Any CPU
	EndGlobalSection
	GlobalSection(SolutionProperties) = preSolution
		HideSolutionNode = FALSE
	EndGlobalSection
	GlobalSection(ExtensibilityGlobals) = postSolution
		SolutionGuid = {F405DB88-0727-4677-92DA-FF282012CE36}
	EndGlobalSection
EndGlobal
